
Microsoft Visual Studio Solution File, Format Version 12.00
# Visual Studio 14
VisualStudioVersion = 14.0.25420.1
MinimumVisualStudioVersion = 10.0.40219.1
Project("{FAE04EC0-301F-11D3-BF4B-00C04F79EFBC}") = "MvcSevenDay", "MvcSevenDay\MvcSevenDay.csproj", "{1DE54ED7-856F-4BC7-8FDD-A88F9E15E62D}"
EndProject
Project("{FAE04EC0-301F-11D3-BF4B-00C04F79EFBC}") = "MvcForms", "MvcForms\MvcForms.csproj", "{2C3E0DC2-D4ED-4A81-9720-BDD5E5298810}"
EndProject
Project("{FAE04EC0-301F-11D3-BF4B-00C04F79EFBC}") = "MvcForms.Tests", "MvcForms.Tests\MvcForms.Tests.csproj", "{E19D6AEC-A4FA-4697-95D7-96DFB6218AF6}"
EndProject
Global
	GlobalSection(SolutionConfigurationPlatforms) = preSolution
		Debug|Any CPU = Debug|Any CPU
		Release|Any CPU = Release|Any CPU
	EndGlobalSection
	GlobalSection(ProjectConfigurationPlatforms) = postSolution
		{1DE54ED7-856F-4BC7-8FDD-A88F9E15E62D}.Debug|Any CPU.ActiveCfg = Debug|Any CPU
		{1DE54ED7-856F-4BC7-8FDD-A88F9E15E62D}.Debug|Any CPU.Build.0 = Debug|Any CPU
		{1DE54ED7-856F-4BC7-8FDD-A88F9E15E62D}.Release|Any CPU.ActiveCfg = Release|Any CPU
		{1DE54ED7-856F-4BC7-8FDD-A88F9E15E62D}.Release|Any CPU.Build.0 = Release|Any CPU
		{2C3E0DC2-D4ED-4A81-9720-BDD5E5298810}.Debug|Any CPU.ActiveCfg = Debug|Any CPU
		{2C3E0DC2-D4ED-4A81-9720-BDD5E5298810}.Debug|Any CPU.Build.0 = Debug|Any CPU
		{2C3E0DC2-D4ED-4A81-9720-BDD5E5298810}.Release|Any CPU.ActiveCfg = Release|Any CPU
		{2C3E0DC2-D4ED-4A81-9720-BDD5E5298810}.Release|Any CPU.Build.0 = Release|Any CPU
		{E19D6AEC-A4FA-4697-95D7-96DFB6218AF6}.Debug|Any CPU.ActiveCfg = Debug|Any CPU
		{E19D6AEC-A4FA-4697-95D7-96DFB6218AF6}.Debug|Any CPU.Build.0 = Debug|Any CPU
		{E19D6AEC-A4FA-4697-95D7-96DFB6218AF6}.Release|Any CPU.ActiveCfg = Release|Any CPU
		{E19D6AEC-A4FA-4697-95D7-96DFB6218AF6}.Release|Any CPU.Build.0 = Release|Any CPU
	EndGlobalSection
	GlobalSection(SolutionProperties) = preSolution
		HideSolutionNode = FALSE
	EndGlobalSection
EndGlobal
